
Microsoft Visual Studio Solution File, Format Version 12.00
# Visual Studio 2013
VisualStudioVersion = 12.0.30501.0
MinimumVisualStudioVersion = 10.0.40219.1
Project("{FAE04EC0-301F-11D3-BF4B-00C04F79EFBC}") = "TestExamples.Tests.Integration.nUnit", "TestExamples.Tests.Integration.nUnit\TestExamples.Tests.Integration.nUnit.csproj", "{ECC374FE-5963-48AF-BE6E-E474D921D350}"
EndProject
Project("{FAE04EC0-301F-11D3-BF4B-00C04F79EFBC}") = "TestExamples.Tests.Unit.HittingControllers.nUnit", "TestExamples.Tests.Unit.HittingControllers.nUnit\TestExamples.Tests.Unit.HittingControllers.nUnit.csproj", "{D297DC81-2CF8-4ABC-BFFA-6385571863D6}"
EndProject
Project("{FAE04EC0-301F-11D3-BF4B-00C04F79EFBC}") = "TestExamples.Web", "TestExamples.Web\TestExamples.Web.csproj", "{11F34CBC-991A-4D01-8864-D71B093BFB53}"
EndProject
Project("{2150E333-8FDC-42A3-9474-1A3956D46DE8}") = "Tests", "Tests", "{E2FF1C17-4348-47C3-B514-EFAFA2B48E7F}"
EndProject
Project("{2150E333-8FDC-42A3-9474-1A3956D46DE8}") = "Solution Items", "Solution Items", "{876502CA-356D-4C98-A7CA-20CBF9D68384}"
	ProjectSection(SolutionItems) = preProject
		README.md = README.md
	EndProjectSection
EndProject
Project("{2150E333-8FDC-42A3-9474-1A3956D46DE8}") = ".nuget", ".nuget", "{F7C04AC9-827B-4D7E-BE7D-590B6388ECE7}"
	ProjectSection(SolutionItems) = preProject
		.nuget\NuGet.Config = .nuget\NuGet.Config
		.nuget\NuGet.exe = .nuget\NuGet.exe
		.nuget\NuGet.targets = .nuget\NuGet.targets
	EndProjectSection
EndProject
Project("{00D1A9C2-B5F0-4AF3-8072-F6C62B433612}") = "TestExamples.Database", "TestExamples.Database\TestExamples.Database.sqlproj", "{46D2A565-E3C3-4197-80D0-66C009C6C326}"
EndProject
Project("{FAE04EC0-301F-11D3-BF4B-00C04F79EFBC}") = "TestExamples.Muppets.Api", "TestExamples.Muppets.Api\TestExamples.Muppets.Api.csproj", "{2FB18018-54A5-4E07-AF81-8C0A0AECF34E}"
EndProject
Project("{FAE04EC0-301F-11D3-BF4B-00C04F79EFBC}") = "TestExamples.Muppets.Api.Tests.Unit.HittingControllers.nUnit", "TestExamples.Muppets.Api.Tests.Unit\TestExamples.Muppets.Api.Tests.Unit.HittingControllers.nUnit.csproj", "{6D9A5ADF-86AC-4E0B-94D2-5840A96C23D1}"
EndProject
Project("{FAE04EC0-301F-11D3-BF4B-00C04F79EFBC}") = "TestExamples.Muppets.Api.Tests.Unit.HittingApi.nUnit", "TestExamples.Muppets.Api.Tests.Unit.HittingApi.nUnit\TestExamples.Muppets.Api.Tests.Unit.HittingApi.nUnit.csproj", "{AB513A80-AAE6-460B-B8B7-AAA6E80206FF}"
EndProject
Global
	GlobalSection(SolutionConfigurationPlatforms) = preSolution
		Debug|Any CPU = Debug|Any CPU
		Release|Any CPU = Release|Any CPU
	EndGlobalSection
	GlobalSection(ProjectConfigurationPlatforms) = postSolution
		{ECC374FE-5963-48AF-BE6E-E474D921D350}.Debug|Any CPU.ActiveCfg = Debug|Any CPU
		{ECC374FE-5963-48AF-BE6E-E474D921D350}.Debug|Any CPU.Build.0 = Debug|Any CPU
		{ECC374FE-5963-48AF-BE6E-E474D921D350}.Release|Any CPU.ActiveCfg = Release|Any CPU
		{ECC374FE-5963-48AF-BE6E-E474D921D350}.Release|Any CPU.Build.0 = Release|Any CPU
		{D297DC81-2CF8-4ABC-BFFA-6385571863D6}.Debug|Any CPU.ActiveCfg = Debug|Any CPU
		{D297DC81-2CF8-4ABC-BFFA-6385571863D6}.Debug|Any CPU.Build.0 = Debug|Any CPU
		{D297DC81-2CF8-4ABC-BFFA-6385571863D6}.Release|Any CPU.ActiveCfg = Release|Any CPU
		{D297DC81-2CF8-4ABC-BFFA-6385571863D6}.Release|Any CPU.Build.0 = Release|Any CPU
		{11F34CBC-991A-4D01-8864-D71B093BFB53}.Debug|Any CPU.ActiveCfg = Debug|Any CPU
		{11F34CBC-991A-4D01-8864-D71B093BFB53}.Debug|Any CPU.Build.0 = Debug|Any CPU
		{11F34CBC-991A-4D01-8864-D71B093BFB53}.Release|Any CPU.ActiveCfg = Release|Any CPU
		{11F34CBC-991A-4D01-8864-D71B093BFB53}.Release|Any CPU.Build.0 = Release|Any CPU
		{46D2A565-E3C3-4197-80D0-66C009C6C326}.Debug|Any CPU.ActiveCfg = Debug|Any CPU
		{46D2A565-E3C3-4197-80D0-66C009C6C326}.Debug|Any CPU.Build.0 = Debug|Any CPU
		{46D2A565-E3C3-4197-80D0-66C009C6C326}.Debug|Any CPU.Deploy.0 = Debug|Any CPU
		{46D2A565-E3C3-4197-80D0-66C009C6C326}.Release|Any CPU.ActiveCfg = Release|Any CPU
		{46D2A565-E3C3-4197-80D0-66C009C6C326}.Release|Any CPU.Build.0 = Release|Any CPU
		{46D2A565-E3C3-4197-80D0-66C009C6C326}.Release|Any CPU.Deploy.0 = Release|Any CPU
		{2FB18018-54A5-4E07-AF81-8C0A0AECF34E}.Debug|Any CPU.ActiveCfg = Debug|Any CPU
		{2FB18018-54A5-4E07-AF81-8C0A0AECF34E}.Debug|Any CPU.Build.0 = Debug|Any CPU
		{2FB18018-54A5-4E07-AF81-8C0A0AECF34E}.Release|Any CPU.ActiveCfg = Release|Any CPU
		{2FB18018-54A5-4E07-AF81-8C0A0AECF34E}.Release|Any CPU.Build.0 = Release|Any CPU
		{6D9A5ADF-86AC-4E0B-94D2-5840A96C23D1}.Debug|Any CPU.ActiveCfg = Debug|Any CPU
		{6D9A5ADF-86AC-4E0B-94D2-5840A96C23D1}.Debug|Any CPU.Build.0 = Debug|Any CPU
		{6D9A5ADF-86AC-4E0B-94D2-5840A96C23D1}.Release|Any CPU.ActiveCfg = Release|Any CPU
		{6D9A5ADF-86AC-4E0B-94D2-5840A96C23D1}.Release|Any CPU.Build.0 = Release|Any CPU
		{AB513A80-AAE6-460B-B8B7-AAA6E80206FF}.Debug|Any CPU.ActiveCfg = Debug|Any CPU
		{AB513A80-AAE6-460B-B8B7-AAA6E80206FF}.Debug|Any CPU.Build.0 = Debug|Any CPU
		{AB513A80-AAE6-460B-B8B7-AAA6E80206FF}.Release|Any CPU.ActiveCfg = Release|Any CPU
		{AB513A80-AAE6-460B-B8B7-AAA6E80206FF}.Release|Any CPU.Build.0 = Release|Any CPU
	EndGlobalSection
	GlobalSection(SolutionProperties) = preSolution
		HideSolutionNode = FALSE
	EndGlobalSection
	GlobalSection(NestedProjects) = preSolution
		{ECC374FE-5963-48AF-BE6E-E474D921D350} = {E2FF1C17-4348-47C3-B514-EFAFA2B48E7F}
		{D297DC81-2CF8-4ABC-BFFA-6385571863D6} = {E2FF1C17-4348-47C3-B514-EFAFA2B48E7F}
		{6D9A5ADF-86AC-4E0B-94D2-5840A96C23D1} = {E2FF1C17-4348-47C3-B514-EFAFA2B48E7F}
		{AB513A80-AAE6-460B-B8B7-AAA6E80206FF} = {E2FF1C17-4348-47C3-B514-EFAFA2B48E7F}
	EndGlobalSection
EndGlobal
